
Microsoft Visual Studio Solution File, Format Version 12.00
# Visual Studio Version 17
VisualStudioVersion = 17.2.32602.215
MinimumVisualStudioVersion = 10.0.40219.1
Project("{FAE04EC0-301F-11D3-BF4B-00C04F79EFBC}") = "ControleVendasAPS.NET.CORE", "ControleVendasAPS.NET.CORE.csproj", "{233F57C1-FFC6-4F15-8835-D8707589DD85}"
EndProject
Global
	GlobalSection(SolutionConfigurationPlatforms) = preSolution
		Debug|Any CPU = Debug|Any CPU
		Release|Any CPU = Release|Any CPU
	EndGlobalSection
	GlobalSection(ProjectConfigurationPlatforms) = postSolution
		{233F57C1-FFC6-4F15-8835-D8707589DD85}.Debug|Any CPU.ActiveCfg = Debug|Any CPU
		{233F57C1-FFC6-4F15-8835-D8707589DD85}.Debug|Any CPU.Build.0 = Debug|Any CPU
		{233F57C1-FFC6-4F15-8835-D8707589DD85}.Release|Any CPU.ActiveCfg = Release|Any CPU
		{233F57C1-FFC6-4F15-8835-D8707589DD85}.Release|Any CPU.Build.0 = Release|Any CPU
	EndGlobalSection
	GlobalSection(SolutionProperties) = preSolution
		HideSolutionNode = FALSE
	EndGlobalSection
	GlobalSection(ExtensibilityGlobals) = postSolution
		SolutionGuid = {A8116EED-74D7-4E08-B706-1FB4109FE17B}
	EndGlobalSection
EndGlobal
